// !$*UTF8*$!
{
	archiveVersion = 1;
	classes = {
	};
	objectVersion = 46;
	objects = {

/* Begin PBXBuildFile section */
		F3EC2B5E1D4B3EB800C95741 /* main.m in Sources */ = {isa = PBXBuildFile; fileRef = F3EC2B5D1D4B3EB800C95741 /* main.m */; };
		F3EC2B611D4B3EB800C95741 /* AppDelegate.m in Sources */ = {isa = PBXBuildFile; fileRef = F3EC2B601D4B3EB800C95741 /* AppDelegate.m */; };
		F3EC2B641D4B3EB800C95741 /* ViewController.m in Sources */ = {isa = PBXBuildFile; fileRef = F3EC2B631D4B3EB800C95741 /* ViewController.m */; };
		F3EC2B671D4B3EB800C95741 /* Main.storyboard in Resources */ = {isa = PBXBuildFile; fileRef = F3EC2B651D4B3EB800C95741 /* Main.storyboard */; };
		F3EC2B691D4B3EB800C95741 /* Assets.xcassets in Resources */ = {isa = PBXBuildFile; fileRef = F3EC2B681D4B3EB800C95741 /* Assets.xcassets */; };
		F3EC2B6C1D4B3EB800C95741 /* LaunchScreen.storyboard in Resources */ = {isa = PBXBuildFile; fileRef = F3EC2B6A1D4B3EB800C95741 /* LaunchScreen.storyboard */; };
		F3EC2B751D4B3EF400C95741 /* CommonTools.m in Sources */ = {isa = PBXBuildFile; fileRef = F3EC2B741D4B3EF400C95741 /* CommonTools.m */; };
/* End PBXBuildFile section */

/* Begin PBXFileReference section */
		F3EC2B591D4B3EB800C95741 /* AppVersionUpdate.app */ = {isa = PBXFileReference; explicitFileType = wrapper.application; includeInIndex = 0; path = AppVersionUpdate.app; sourceTree = BUILT_PRODUCTS_DIR; };
		F3EC2B5D1D4B3EB800C95741 /* main.m */ = {isa = PBXFileReference; lastKnownFileType = sourcecode.c.objc; path = main.m; sourceTree = "<group>"; };
		F3EC2B5F1D4B3EB800C95741 /* AppDelegate.h */ = {isa = PBXFileReference; lastKnownFileType = sourcecode.c.h; path = AppDelegate.h; sourceTree = "<group>"; };
		F3EC2B601D4B3EB800C95741 /* AppDelegate.m */ = {isa = PBXFileReference; lastKnownFileType = sourcecode.c.objc; path = AppDelegate.m; sourceTree = "<group>"; };
		F3EC2B621D4B3EB800C95741 /* ViewController.h */ = {isa = PBXFileReference; lastKnownFileType = sourcecode.c.h; path = ViewController.h; sourceTree = "<group>"; };
		F3EC2B631D4B3EB800C95741 /* ViewController.m */ = {isa = PBXFileReference; lastKnownFileType = sourcecode.c.objc; path = ViewController.m; sourceTree = "<group>"; };
		F3EC2B661D4B3EB800C95741 /* Base */ = {isa = PBXFileReference; lastKnownFileType = file.storyboard; name = Base; path = Base.lproj/Main.storyboard; sourceTree = "<group>"; };
		F3EC2B681D4B3EB800C95741 /* Assets.xcassets */ = {isa = PBXFileReference; lastKnownFileType = folder.assetcatalog; path = Assets.xcassets; sourceTree = "<group>"; };
		F3EC2B6B1D4B3EB800C95741 /* Base */ = {isa = PBXFileReference; lastKnownFileType = file.storyboard; name = Base; path = Base.lproj/LaunchScreen.storyboard; sourceTree = "<group>"; };
		F3EC2B6D1D4B3EB800C95741 /* Info.plist */ = {isa = PBXFileReference; lastKnownFileType = text.plist.xml; path = Info.plist; sourceTree = "<group>"; };
		F3EC2B731D4B3EF400C95741 /* CommonTools.h */ = {isa = PBXFileReference; fileEncoding = 4; lastKnownFileType = sourcecode.c.h; path = CommonTools.h; sourceTree = "<group>"; };
		F3EC2B741D4B3EF400C95741 /* CommonTools.m */ = {isa = PBXFileReference; fileEncoding = 4; lastKnownFileType = sourcecode.c.objc; path = CommonTools.m; sourceTree = "<group>"; };
/* End PBXFileReference section */

/* Begin PBXFrameworksBuildPhase section */
		F3EC2B561D4B3EB800C95741 /* Frameworks */ = {
			isa = PBXFrameworksBuildPhase;
			buildActionMask = 2147483647;
			files = (
			);
			runOnlyForDeploymentPostprocessing = 0;
		};
/* End PBXFrameworksBuildPhase section */

/* Begin PBXGroup section */
		F3EC2B501D4B3EB800C95741 = {
			isa = PBXGroup;
			children = (
				F3EC2B5B1D4B3EB800C95741 /* AppVersionUpdate */,
				F3EC2B5A1D4B3EB800C95741 /* Products */,
			);
			sourceTree = "<group>";
		};
		F3EC2B5A1D4B3EB800C95741 /* Products */ = {
			isa = PBXGroup;
			children = (
				F3EC2B591D4B3EB800C95741 /* AppVersionUpdate.app */,
			);
			name = Products;
			sourceTree = "<group>";
		};
		F3EC2B5B1D4B3EB800C95741 /* AppVersionUpdate */ = {
			isa = PBXGroup;
			children = (
				F3EC2B761D4B3F0200C95741 /* Tools */,
				F3EC2B5F1D4B3EB800C95741 /* AppDelegate.h */,
				F3EC2B601D4B3EB800C95741 /* AppDelegate.m */,
				F3EC2B621D4B3EB800C95741 /* ViewController.h */,
				F3EC2B631D4B3EB800C95741 /* ViewController.m */,
				F3EC2B651D4B3EB800C95741 /* Main.storyboard */,
				F3EC2B681D4B3EB800C95741 /* Assets.xcassets */,
				F3EC2B6A1D4B3EB800C95741 /* LaunchScreen.storyboard */,
				F3EC2B6D1D4B3EB800C95741 /* Info.plist */,
				F3EC2B5C1D4B3EB800C95741 /* Supporting Files */,
			);
			path = AppVersionUpdate;
			sourceTree = "<group>";
		};
		F3EC2B5C1D4B3EB800C95741 /* Supporting Files */ = {
			isa = PBXGroup;
			children = (
				F3EC2B5D1D4B3EB800C95741 /* main.m */,
			);
			name = "Supporting Files";
			sourceTree = "<group>";
		};
		F3EC2B761D4B3F0200C95741 /* Tools */ = {
			isa = PBXGroup;
			children = (
				F3EC2B731D4B3EF400C95741 /* CommonTools.h */,
				F3EC2B741D4B3EF400C95741 /* CommonTools.m */,
			);
			name = Tools;
			sourceTree = "<group>";
		};
/* End PBXGroup section */

/* Begin PBXNativeTarget section */
		F3EC2B581D4B3EB800C95741 /* AppVersionUpdate */ = {
			isa = PBXNativeTarget;
			buildConfigurationList = F3EC2B701D4B3EB800C95741 /* Build configuration list for PBXNativeTarget "AppVersionUpdate" */;
			buildPhases = (
				F3EC2B551D4B3EB800C95741 /* Sources */,
				F3EC2B561D4B3EB800C95741 /* Frameworks */,
				F3EC2B571D4B3EB800C95741 /* Resources */,
			);
			buildRules = (
			);
			dependencies = (
			);
			name = AppVersionUpdate;
			productName = AppVersionUpdate;
			productReference = F3EC2B591D4B3EB800C95741 /* AppVersionUpdate.app */;
			productType = "com.apple.product-type.application";
		};
/* End PBXNativeTarget section */

/* Begin PBXProject section */
		F3EC2B511D4B3EB800C95741 /* Project object */ = {
			isa = PBXProject;
			attributes = {
				LastUpgradeCheck = 0730;
				ORGANIZATIONNAME = andson;
				TargetAttributes = {
					F3EC2B581D4B3EB800C95741 = {
						CreatedOnToolsVersion = 7.3.1;
					};
				};
			};
			buildConfigurationList = F3EC2B541D4B3EB800C95741 /* Build configuration list for PBXProject "AppVersionUpdate" */;
			compatibilityVersion = "Xcode 3.2";
			developmentRegion = English;
			hasScannedForEncodings = 0;
			knownRegions = (
				en,
				Base,
			);
			mainGroup = F3EC2B501D4B3EB800C95741;
			productRefGroup = F3EC2B5A1D4B3EB800C95741 /* Products */;
			projectDirPath = "";
			projectRoot = "";
			targets = (
				F3EC2B581D4B3EB800C95741 /* AppVersionUpdate */,
			);
		};
/* End PBXProject section */

/* Begin PBXResourcesBuildPhase section */
		F3EC2B571D4B3EB800C95741 /* Resources */ = {
			isa = PBXResourcesBuildPhase;
			buildActionMask = 2147483647;
			files = (
				F3EC2B6C1D4B3EB800C95741 /* LaunchScreen.storyboard in Resources */,
				F3EC2B691D4B3EB800C95741 /* Assets.xcassets in Resources */,
				F3EC2B671D4B3EB800C95741 /* Main.storyboard in Resources */,
			);
			runOnlyForDeploymentPostprocessing = 0;
		};
/* End PBXResourcesBuildPhase section */

/* Begin PBXSourcesBuildPhase section */
		F3EC2B551D4B3EB800C95741 /* Sources */ = {
			isa = PBXSourcesBuildPhase;
			buildActionMask = 2147483647;
			files = (
				F3EC2B641D4B3EB800C95741 /* ViewController.m in Sources */,
				F3EC2B611D4B3EB800C95741 /* AppDelegate.m in Sources */,
				F3EC2B751D4B3EF400C95741 /* CommonTools.m in Sources */,
				F3EC2B5E1D4B3EB800C95741 /* main.m in Sources */,
			);
			runOnlyForDeploymentPostprocessing = 0;
		};
/* End PBXSourcesBuildPhase section */

/* Begin PBXVariantGroup section */
		F3EC2B651D4B3EB800C95741 /* Main.storyboard */ = {
			isa = PBXVariantGroup;
			children = (
				F3EC2B661D4B3EB800C95741 /* Base */,
			);
			name = Main.storyboard;
			sourceTree = "<group>";
		};
		F3EC2B6A1D4B3EB800C95741 /* LaunchScreen.storyboard */ = {
			isa = PBXVariantGroup;
			children = (
				F3EC2B6B1D4B3EB800C95741 /* Base */,
			);
			name = LaunchScreen.storyboard;
			sourceTree = "<group>";
		};
/* End PBXVariantGroup section */

/* Begin XCBuildConfiguration section */
		F3EC2B6E1D4B3EB800C95741 /* Debug */ = {
			isa = XCBuildConfiguration;
			buildSettings = {
				ALWAYS_SEARCH_USER_PATHS = NO;
				CLANG_ANALYZER_NONNULL = YES;
				CLANG_CXX_LANGUAGE_STANDARD = "gnu++0x";
				CLANG_CXX_LIBRARY = "libc++";
				CLANG_ENABLE_MODULES = YES;
				CLANG_ENABLE_OBJC_ARC = YES;
				CLANG_WARN_BOOL_CONVERSION = YES;
				CLANG_WARN_CONSTANT_CONVERSION = YES;
				CLANG_WARN_DIRECT_OBJC_ISA_USAGE = YES_ERROR;
				CLANG_WARN_EMPTY_BODY = YES;
				CLANG_WARN_ENUM_CONVERSION = YES;
				CLANG_WARN_INT_CONVERSION = YES;
				CLANG_WARN_OBJC_ROOT_CLASS = YES_ERROR;
				CLANG_WARN_UNREACHABLE_CODE = YES;
				CLANG_WARN__DUPLICATE_METHOD_MATCH = YES;
				"CODE_SIGN_IDENTITY[sdk=iphoneos*]" = "iPhone Developer";
				COPY_PHASE_STRIP = NO;
				DEBUG_INFORMATION_FORMAT = dwarf;
				ENABLE_STRICT_OBJC_MSGSEND = YES;
				ENABLE_TESTABILITY = YES;
				GCC_C_LANGUAGE_STANDARD = gnu99;
				GCC_DYNAMIC_NO_PIC = NO;
				GCC_NO_COMMON_BLOCKS = YES;
				GCC_OPTIMIZATION_LEVEL = 0;
				GCC_PREPROCESSOR_DEFINITIONS = (
					"DEBUG=1",
					"$(inherited)",
				);
				GCC_WARN_64_TO_32_BIT_CONVERSION = YES;
				GCC_WARN_ABOUT_RETURN_TYPE = YES_ERROR;
				GCC_WARN_UNDECLARED_SELECTOR = YES;
				GCC_WARN_UNINITIALIZED_AUTOS = YES_AGGRESSIVE;
				GCC_WARN_UNUSED_FUNCTION = YES;
				GCC_WARN_UNUSED_VARIABLE = YES;
				IPHONEOS_DEPLOYMENT_TARGET = 9.3;
				MTL_ENABLE_DEBUG_INFO = YES;
				ONLY_ACTIVE_ARCH = YES;
				SDKROOT = iphoneos;
			};
			name = Debug;
		};
		F3EC2B6F1D4B3EB800C95741 /* Release */ = {
			isa = XCBuildConfiguration;
			buildSettings = {
				ALWAYS_SEARCH_USER_PATHS = NO;
				CLANG_ANALYZER_NONNULL = YES;
				CLANG_CXX_LANGUAGE_STANDARD = "gnu++0x";
				CLANG_CXX_LIBRARY = "libc++";
				CLANG_ENABLE_MODULES = YES;
				CLANG_ENABLE_OBJC_ARC = YES;
				CLANG_WARN_BOOL_CONVERSION = YES;
				CLANG_WARN_CONSTANT_CONVERSION = YES;
				CLANG_WARN_DIRECT_OBJC_ISA_USAGE = YES_ERROR;
				CLANG_WARN_EMPTY_BODY = YES;
				CLANG_WARN_ENUM_CONVERSION = YES;
				CLANG_WARN_INT_CONVERSION = YES;
				CLANG_WARN_OBJC_ROOT_CLASS = YES_ERROR;
				CLANG_WARN_UNREACHABLE_CODE = YES;
				CLANG_WARN__DUPLICATE_METHOD_MATCH = YES;
				"CODE_SIGN_IDENTITY[sdk=iphoneos*]" = "iPhone Developer";
				COPY_PHASE_STRIP = NO;
				DEBUG_INFORMATION_FORMAT = "dwarf-with-dsym";
				ENABLE_NS_ASSERTIONS = NO;
				ENABLE_STRICT_OBJC_MSGSEND = YES;
				GCC_C_LANGUAGE_STANDARD = gnu99;
				GCC_NO_COMMON_BLOCKS = YES;
				GCC_WARN_64_TO_32_BIT_CONVERSION = YES;
				GCC_WARN_ABOUT_RETURN_TYPE = YES_ERROR;
				GCC_WARN_UNDECLARED_SELECTOR = YES;
				GCC_WARN_UNINITIALIZED_AUTOS = YES_AGGRESSIVE;
				GCC_WARN_UNUSED_FUNCTION = YES;
				GCC_WARN_UNUSED_VARIABLE = YES;
				IPHONEOS_DEPLOYMENT_TARGET = 9.3;
				MTL_ENABLE_DEBUG_INFO = NO;
				SDKROOT = iphoneos;
				VALIDATE_PRODUCT = YES;
			};
			name = Release;
		};
		F3EC2B711D4B3EB800C95741 /* Debug */ = {
			isa = XCBuildConfiguration;
			buildSettings = {
				ASSETCATALOG_COMPILER_APPICON_NAME = AppIcon;
				INFOPLIST_FILE = AppVersionUpdate/Info.plist;
				IPHONEOS_DEPLOYMENT_TARGET = 8.0;
				LD_RUNPATH_SEARCH_PATHS = "$(inherited) @executable_path/Frameworks";
				PRODUCT_BUNDLE_IDENTIFIER = cn.andson.net.AppVersionUpdate;
				PRODUCT_NAME = "$(TARGET_NAME)";
			};
			name = Debug;
		};
		F3EC2B721D4B3EB800C95741 /* Release */ = {
			isa = XCBuildConfiguration;
			buildSettings = {
				ASSETCATALOG_COMPILER_APPICON_NAME = AppIcon;
				INFOPLIST_FILE = AppVersionUpdate/Info.plist;
				IPHONEOS_DEPLOYMENT_TARGET = 8.0;
				LD_RUNPATH_SEARCH_PATHS = "$(inherited) @executable_path/Frameworks";
				PRODUCT_BUNDLE_IDENTIFIER = cn.andson.net.AppVersionUpdate;
				PRODUCT_NAME = "$(TARGET_NAME)";
			};
			name = Release;
		};
/* End XCBuildConfiguration section */

/* Begin XCConfigurationList section */
		F3EC2B541D4B3EB800C95741 /* Build configuration list for PBXProject "AppVersionUpdate" */ = {
			isa = XCConfigurationList;
			buildConfigurations = (
				F3EC2B6E1D4B3EB800C95741 /* Debug */,
				F3EC2B6F1D4B3EB800C95741 /* Release */,
			);
			defaultConfigurationIsVisible = 0;
			defaultConfigurationName = Release;
		};
		F3EC2B701D4B3EB800C95741 /* Build configuration list for PBXNativeTarget "AppVersionUpdate" */ = {
			isa = XCConfigurationList;
			buildConfigurations = (
				F3EC2B711D4B3EB800C95741 /* Debug */,
				F3EC2B721D4B3EB800C95741 /* Release */,
			);
			defaultConfigurationIsVisible = 0;
		};
/* End XCConfigurationList section */
	};
	rootObject = F3EC2B511D4B3EB800C95741 /* Project object */;
}
